// !$*UTF8*$!
{
	archiveVersion = 1;
	classes = {
	};
	objectVersion = 56;
	objects = {

/* Begin PBXBuildFile section */
		FE06CB5129BDD687003297E9 /* loading.json in Resources */ = {isa = PBXBuildFile; fileRef = FE06CB4129BDD686003297E9 /* loading.json */; };
		FE06CB5229BDD687003297E9 /* search-loading.swift in Sources */ = {isa = PBXBuildFile; fileRef = FE06CB4229BDD686003297E9 /* search-loading.swift */; };
		FE06CB8729BDD698003297E9 /* RestProcessor.swift in Sources */ = {isa = PBXBuildFile; fileRef = FE06CB8329BDD698003297E9 /* RestProcessor.swift */; };
		FE06CB8829BDD698003297E9 /* RestProcessor+Model.swift in Sources */ = {isa = PBXBuildFile; fileRef = FE06CB8429BDD698003297E9 /* RestProcessor+Model.swift */; };
		FE06CB8929BDD698003297E9 /* ResHandler.swift in Sources */ = {isa = PBXBuildFile; fileRef = FE06CB8529BDD698003297E9 /* ResHandler.swift */; };
		FE06CB8A29BDD698003297E9 /* EndPoint.swift in Sources */ = {isa = PBXBuildFile; fileRef = FE06CB8629BDD698003297E9 /* EndPoint.swift */; };
		FE06CB9529BDD6CC003297E9 /* Pretendard-Regular.otf in Resources */ = {isa = PBXBuildFile; fileRef = FE06CB8C29BDD6CC003297E9 /* Pretendard-Regular.otf */; };
		FE06CB9629BDD6CC003297E9 /* Pretendard-Black.otf in Resources */ = {isa = PBXBuildFile; fileRef = FE06CB8D29BDD6CC003297E9 /* Pretendard-Black.otf */; };
		FE06CB9729BDD6CC003297E9 /* Pretendard-Medium.otf in Resources */ = {isa = PBXBuildFile; fileRef = FE06CB8E29BDD6CC003297E9 /* Pretendard-Medium.otf */; };
		FE06CB9829BDD6CC003297E9 /* Pretendard-Light.otf in Resources */ = {isa = PBXBuildFile; fileRef = FE06CB8F29BDD6CC003297E9 /* Pretendard-Light.otf */; };
		FE06CB9929BDD6CC003297E9 /* Pretendard-ExtraBold.otf in Resources */ = {isa = PBXBuildFile; fileRef = FE06CB9029BDD6CC003297E9 /* Pretendard-ExtraBold.otf */; };
		FE06CB9A29BDD6CC003297E9 /* Pretendard-Bold.otf in Resources */ = {isa = PBXBuildFile; fileRef = FE06CB9129BDD6CC003297E9 /* Pretendard-Bold.otf */; };
		FE06CB9B29BDD6CC003297E9 /* Pretendard-Thin.otf in Resources */ = {isa = PBXBuildFile; fileRef = FE06CB9229BDD6CC003297E9 /* Pretendard-Thin.otf */; };
		FE06CB9C29BDD6CC003297E9 /* Pretendard-ExtraLight.otf in Resources */ = {isa = PBXBuildFile; fileRef = FE06CB9329BDD6CC003297E9 /* Pretendard-ExtraLight.otf */; };
		FE06CB9D29BDD6CC003297E9 /* Pretendard-SemiBold.otf in Resources */ = {isa = PBXBuildFile; fileRef = FE06CB9429BDD6CC003297E9 /* Pretendard-SemiBold.otf */; };
		FE06CBD229BDDABF003297E9 /* PopulationCongestionCell.swift in Sources */ = {isa = PBXBuildFile; fileRef = FE06CBBB29BDDABF003297E9 /* PopulationCongestionCell.swift */; };
		FE06CBD329BDDABF003297E9 /* PublicBikeCell.swift in Sources */ = {isa = PBXBuildFile; fileRef = FE06CBBC29BDDABF003297E9 /* PublicBikeCell.swift */; };
		FE06CBD429BDDABF003297E9 /* RoadCongestionCell.swift in Sources */ = {isa = PBXBuildFile; fileRef = FE06CBBD29BDDABF003297E9 /* RoadCongestionCell.swift */; };
		FE06CBD529BDDABF003297E9 /* StandardTimeView.swift in Sources */ = {isa = PBXBuildFile; fileRef = FE06CBBF29BDDABF003297E9 /* StandardTimeView.swift */; };
		FE06CBD629BDDABF003297E9 /* BikeDockStatusCell.swift in Sources */ = {isa = PBXBuildFile; fileRef = FE06CBC229BDDABF003297E9 /* BikeDockStatusCell.swift */; };
		FE06CBD729BDDABF003297E9 /* BikeAverageUtilizationRateView.swift in Sources */ = {isa = PBXBuildFile; fileRef = FE06CBC429BDDABF003297E9 /* BikeAverageUtilizationRateView.swift */; };
		FE06CBD829BDDABF003297E9 /* AvailableBikeCountView.swift in Sources */ = {isa = PBXBuildFile; fileRef = FE06CBC529BDDABF003297E9 /* AvailableBikeCountView.swift */; };
		FE06CBD929BDDABF003297E9 /* BikeInfoController.swift in Sources */ = {isa = PBXBuildFile; fileRef = FE06CBC629BDDABF003297E9 /* BikeInfoController.swift */; };
		FE06CBDA29BDDABF003297E9 /* MainController.swift in Sources */ = {isa = PBXBuildFile; fileRef = FE06CBC729BDDABF003297E9 /* MainController.swift */; };
		FE06CBDB29BDDABF003297E9 /* CityDetailController.swift in Sources */ = {isa = PBXBuildFile; fileRef = FE06CBC829BDDABF003297E9 /* CityDetailController.swift */; };
		FE06CBDC29BDDABF003297E9 /* MainCell.swift in Sources */ = {isa = PBXBuildFile; fileRef = FE06CBCA29BDDABF003297E9 /* MainCell.swift */; };
		FE06CBDD29BDDABF003297E9 /* RoadTrafficView.swift in Sources */ = {isa = PBXBuildFile; fileRef = FE06CBCC29BDDABF003297E9 /* RoadTrafficView.swift */; };
		FE06CBDE29BDDABF003297E9 /* EmptyView.swift in Sources */ = {isa = PBXBuildFile; fileRef = FE06CBCD29BDDABF003297E9 /* EmptyView.swift */; };
		FE06CBDF29BDDABF003297E9 /* AreaCongestLvlView.swift in Sources */ = {isa = PBXBuildFile; fileRef = FE06CBCE29BDDABF003297E9 /* AreaCongestLvlView.swift */; };
		FE06CBE029BDDABF003297E9 /* CityCountView.swift in Sources */ = {isa = PBXBuildFile; fileRef = FE06CBCF29BDDABF003297E9 /* CityCountView.swift */; };
		FE06CBE129BDDABF003297E9 /* CitySearchTextField.swift in Sources */ = {isa = PBXBuildFile; fileRef = FE06CBD029BDDABF003297E9 /* CitySearchTextField.swift */; };
		FE06CBE229BDDABF003297E9 /* MainNavigationController.swift in Sources */ = {isa = PBXBuildFile; fileRef = FE06CBD129BDDABF003297E9 /* MainNavigationController.swift */; };
		FE06CBEC29BDDAE7003297E9 /* SCColor.swift in Sources */ = {isa = PBXBuildFile; fileRef = FE06CBE429BDDAE7003297E9 /* SCColor.swift */; };
		FE06CBED29BDDAE7003297E9 /* Extension+UITextField.swift in Sources */ = {isa = PBXBuildFile; fileRef = FE06CBE629BDDAE7003297E9 /* Extension+UITextField.swift */; };
		FE06CBEE29BDDAE7003297E9 /* Extension+String.swift in Sources */ = {isa = PBXBuildFile; fileRef = FE06CBE729BDDAE7003297E9 /* Extension+String.swift */; };
		FE06CBEF29BDDAE7003297E9 /* Extension+Int.swift in Sources */ = {isa = PBXBuildFile; fileRef = FE06CBE829BDDAE7003297E9 /* Extension+Int.swift */; };
		FE06CBF029BDDAE7003297E9 /* Extension+UIview.swift in Sources */ = {isa = PBXBuildFile; fileRef = FE06CBE929BDDAE7003297E9 /* Extension+UIview.swift */; };
		FE06CBF129BDDAE7003297E9 /* SeoulCongestion++Bundle.swift in Sources */ = {isa = PBXBuildFile; fileRef = FE06CBEA29BDDAE7003297E9 /* SeoulCongestion++Bundle.swift */; };
		FE06CBF229BDDAE7003297E9 /* SCFont.swift in Sources */ = {isa = PBXBuildFile; fileRef = FE06CBEB29BDDAE7003297E9 /* SCFont.swift */; };
		FE06CBF829BDDBE3003297E9 /* Lottie in Frameworks */ = {isa = PBXBuildFile; productRef = FE06CBF729BDDBE3003297E9 /* Lottie */; };
		FE06CBFE29BDE11C003297E9 /* SkeletonView in Frameworks */ = {isa = PBXBuildFile; productRef = FE06CBFD29BDE11C003297E9 /* SkeletonView */; };
		FE120C2D2A91D2B10074C1B4 /* CityTabListView.swift in Sources */ = {isa = PBXBuildFile; fileRef = FE120C2C2A91D2B10074C1B4 /* CityTabListView.swift */; };
		FE1EF14729BE087A00FF7113 /* City.swift in Sources */ = {isa = PBXBuildFile; fileRef = FE1EF14329BE087A00FF7113 /* City.swift */; };
		FE1EF14829BE087A00FF7113 /* Cities.swift in Sources */ = {isa = PBXBuildFile; fileRef = FE1EF14429BE087A00FF7113 /* Cities.swift */; };
		FE1EF14929BE087A00FF7113 /* SearchCities.swift in Sources */ = {isa = PBXBuildFile; fileRef = FE1EF14529BE087A00FF7113 /* SearchCities.swift */; };
		FE1EF14A29BE087A00FF7113 /* SeoulCities.swift in Sources */ = {isa = PBXBuildFile; fileRef = FE1EF14629BE087A00FF7113 /* SeoulCities.swift */; };
		FE74021E29814B510014629A /* AppDelegate.swift in Sources */ = {isa = PBXBuildFile; fileRef = FE74021D29814B510014629A /* AppDelegate.swift */; };
		FE74022029814B510014629A /* SceneDelegate.swift in Sources */ = {isa = PBXBuildFile; fileRef = FE74021F29814B510014629A /* SceneDelegate.swift */; };
		FE74022A29814B520014629A /* LaunchScreen.storyboard in Resources */ = {isa = PBXBuildFile; fileRef = FE74022829814B520014629A /* LaunchScreen.storyboard */; };
		FE9121802A920D5E00C08B45 /* CityTab.swift in Sources */ = {isa = PBXBuildFile; fileRef = FE91217F2A920D5E00C08B45 /* CityTab.swift */; };
		FE9121822A9256CE00C08B45 /* Extension+UIImage.swift in Sources */ = {isa = PBXBuildFile; fileRef = FE9121812A9256CE00C08B45 /* Extension+UIImage.swift */; };
		FEA773AC29CB43C30095B8FE /* RatioLabelView.swift in Sources */ = {isa = PBXBuildFile; fileRef = FEA773AB29CB43C30095B8FE /* RatioLabelView.swift */; };
		FEDAD7922AA95F440057A99F /* DropDown in Frameworks */ = {isa = PBXBuildFile; productRef = FEDAD7912AA95F440057A99F /* DropDown */; };
		FEDAD7942AA962F20057A99F /* DropDownView.swift in Sources */ = {isa = PBXBuildFile; fileRef = FEDAD7932AA962F20057A99F /* DropDownView.swift */; };
		FEDF7DF52ADC0EBB00B8F223 /* SnapKit in Frameworks */ = {isa = PBXBuildFile; productRef = FEDF7DF42ADC0EBB00B8F223 /* SnapKit */; };
		FEDF7DF72ADC0EBB00B8F223 /* SnapKit-Dynamic in Frameworks */ = {isa = PBXBuildFile; productRef = FEDF7DF62ADC0EBB00B8F223 /* SnapKit-Dynamic */; };
		FEDF7DFB2ADC0EFE00B8F223 /* MainViewModel.swift in Sources */ = {isa = PBXBuildFile; fileRef = FEDF7DFA2ADC0EFE00B8F223 /* MainViewModel.swift */; };
		FEDF9E9B2AED870F0081BEEC /* Assets.xcassets in Resources */ = {isa = PBXBuildFile; fileRef = FEDF9E9A2AED870F0081BEEC /* Assets.xcassets */; };
		FEDF9E9E2AED88A60081BEEC /* RxBlocking in Frameworks */ = {isa = PBXBuildFile; productRef = FEDF9E9D2AED88A60081BEEC /* RxBlocking */; };
		FEDF9EA02AED88A60081BEEC /* RxBlocking-Dynamic in Frameworks */ = {isa = PBXBuildFile; productRef = FEDF9E9F2AED88A60081BEEC /* RxBlocking-Dynamic */; };
		FEDF9EA22AED88A60081BEEC /* RxCocoa in Frameworks */ = {isa = PBXBuildFile; productRef = FEDF9EA12AED88A60081BEEC /* RxCocoa */; };
		FEDF9EA42AED88A60081BEEC /* RxCocoa-Dynamic in Frameworks */ = {isa = PBXBuildFile; productRef = FEDF9EA32AED88A60081BEEC /* RxCocoa-Dynamic */; };
		FEDF9EA62AED88A60081BEEC /* RxRelay in Frameworks */ = {isa = PBXBuildFile; productRef = FEDF9EA52AED88A60081BEEC /* RxRelay */; };
		FEDF9EA82AEDF27A0081BEEC /* CategoryCell.swift in Sources */ = {isa = PBXBuildFile; fileRef = FEDF9EA72AEDF27A0081BEEC /* CategoryCell.swift */; };
		FEDF9EAB2AEDF5260081BEEC /* Differentiator in Frameworks */ = {isa = PBXBuildFile; productRef = FEDF9EAA2AEDF5260081BEEC /* Differentiator */; };
		FEDF9EAD2AEDF5260081BEEC /* RxDataSources in Frameworks */ = {isa = PBXBuildFile; productRef = FEDF9EAC2AEDF5260081BEEC /* RxDataSources */; };
		FEDF9EB02AEDF75E0081BEEC /* MainSectionModel.swift in Sources */ = {isa = PBXBuildFile; fileRef = FEDF9EAF2AEDF75E0081BEEC /* MainSectionModel.swift */; };
		FEDF9EB22AEDFE390081BEEC /* SpaceSeoulAPI.swift in Sources */ = {isa = PBXBuildFile; fileRef = FEDF9EB12AEDFE390081BEEC /* SpaceSeoulAPI.swift */; };
		FEDF9EB52AEDFE670081BEEC /* CombineMoya in Frameworks */ = {isa = PBXBuildFile; productRef = FEDF9EB42AEDFE670081BEEC /* CombineMoya */; };
		FEDF9EB72AEDFE670081BEEC /* Moya in Frameworks */ = {isa = PBXBuildFile; productRef = FEDF9EB62AEDFE670081BEEC /* Moya */; };
		FEDF9EB92AEDFE670081BEEC /* ReactiveMoya in Frameworks */ = {isa = PBXBuildFile; productRef = FEDF9EB82AEDFE670081BEEC /* ReactiveMoya */; };
		FEDF9EBB2AEDFE670081BEEC /* RxMoya in Frameworks */ = {isa = PBXBuildFile; productRef = FEDF9EBA2AEDFE670081BEEC /* RxMoya */; };
		FEDF9EBD2AEE0A980081BEEC /* SpaceSeoul.swift in Sources */ = {isa = PBXBuildFile; fileRef = FEDF9EBC2AEE0A980081BEEC /* SpaceSeoul.swift */; };
/* End PBXBuildFile section */

/* Begin PBXFileReference section */
		FE06CB4129BDD686003297E9 /* loading.json */ = {isa = PBXFileReference; fileEncoding = 4; lastKnownFileType = text.json; path = loading.json; sourceTree = "<group>"; };
		FE06CB4229BDD686003297E9 /* search-loading.swift */ = {isa = PBXFileReference; fileEncoding = 4; lastKnownFileType = sourcecode.swift; path = "search-loading.swift"; sourceTree = "<group>"; };
		FE06CB8329BDD698003297E9 /* RestProcessor.swift */ = {isa = PBXFileReference; fileEncoding = 4; lastKnownFileType = sourcecode.swift; path = RestProcessor.swift; sourceTree = "<group>"; };
		FE06CB8429BDD698003297E9 /* RestProcessor+Model.swift */ = {isa = PBXFileReference; fileEncoding = 4; lastKnownFileType = sourcecode.swift; path = "RestProcessor+Model.swift"; sourceTree = "<group>"; };
		FE06CB8529BDD698003297E9 /* ResHandler.swift */ = {isa = PBXFileReference; fileEncoding = 4; lastKnownFileType = sourcecode.swift; path = ResHandler.swift; sourceTree = "<group>"; };
		FE06CB8629BDD698003297E9 /* EndPoint.swift */ = {isa = PBXFileReference; fileEncoding = 4; lastKnownFileType = sourcecode.swift; path = EndPoint.swift; sourceTree = "<group>"; };
		FE06CB8C29BDD6CC003297E9 /* Pretendard-Regular.otf */ = {isa = PBXFileReference; lastKnownFileType = file; path = "Pretendard-Regular.otf"; sourceTree = "<group>"; };
		FE06CB8D29BDD6CC003297E9 /* Pretendard-Black.otf */ = {isa = PBXFileReference; lastKnownFileType = file; path = "Pretendard-Black.otf"; sourceTree = "<group>"; };
		FE06CB8E29BDD6CC003297E9 /* Pretendard-Medium.otf */ = {isa = PBXFileReference; lastKnownFileType = file; path = "Pretendard-Medium.otf"; sourceTree = "<group>"; };
		FE06CB8F29BDD6CC003297E9 /* Pretendard-Light.otf */ = {isa = PBXFileReference; lastKnownFileType = file; path = "Pretendard-Light.otf"; sourceTree = "<group>"; };
		FE06CB9029BDD6CC003297E9 /* Pretendard-ExtraBold.otf */ = {isa = PBXFileReference; lastKnownFileType = file; path = "Pretendard-ExtraBold.otf"; sourceTree = "<group>"; };
		FE06CB9129BDD6CC003297E9 /* Pretendard-Bold.otf */ = {isa = PBXFileReference; lastKnownFileType = file; path = "Pretendard-Bold.otf"; sourceTree = "<group>"; };
		FE06CB9229BDD6CC003297E9 /* Pretendard-Thin.otf */ = {isa = PBXFileReference; lastKnownFileType = file; path = "Pretendard-Thin.otf"; sourceTree = "<group>"; };
		FE06CB9329BDD6CC003297E9 /* Pretendard-ExtraLight.otf */ = {isa = PBXFileReference; lastKnownFileType = file; path = "Pretendard-ExtraLight.otf"; sourceTree = "<group>"; };
		FE06CB9429BDD6CC003297E9 /* Pretendard-SemiBold.otf */ = {isa = PBXFileReference; lastKnownFileType = file; path = "Pretendard-SemiBold.otf"; sourceTree = "<group>"; };
		FE06CBBB29BDDABF003297E9 /* PopulationCongestionCell.swift */ = {isa = PBXFileReference; fileEncoding = 4; lastKnownFileType = sourcecode.swift; path = PopulationCongestionCell.swift; sourceTree = "<group>"; };
		FE06CBBC29BDDABF003297E9 /* PublicBikeCell.swift */ = {isa = PBXFileReference; fileEncoding = 4; lastKnownFileType = sourcecode.swift; path = PublicBikeCell.swift; sourceTree = "<group>"; };
		FE06CBBD29BDDABF003297E9 /* RoadCongestionCell.swift */ = {isa = PBXFileReference; fileEncoding = 4; lastKnownFileType = sourcecode.swift; path = RoadCongestionCell.swift; sourceTree = "<group>"; };
		FE06CBBF29BDDABF003297E9 /* StandardTimeView.swift */ = {isa = PBXFileReference; fileEncoding = 4; lastKnownFileType = sourcecode.swift; path = StandardTimeView.swift; sourceTree = "<group>"; };
		FE06CBC229BDDABF003297E9 /* BikeDockStatusCell.swift */ = {isa = PBXFileReference; fileEncoding = 4; lastKnownFileType = sourcecode.swift; path = BikeDockStatusCell.swift; sourceTree = "<group>"; };
		FE06CBC429BDDABF003297E9 /* BikeAverageUtilizationRateView.swift */ = {isa = PBXFileReference; fileEncoding = 4; lastKnownFileType = sourcecode.swift; path = BikeAverageUtilizationRateView.swift; sourceTree = "<group>"; };
		FE06CBC529BDDABF003297E9 /* AvailableBikeCountView.swift */ = {isa = PBXFileReference; fileEncoding = 4; lastKnownFileType = sourcecode.swift; path = AvailableBikeCountView.swift; sourceTree = "<group>"; };
		FE06CBC629BDDABF003297E9 /* BikeInfoController.swift */ = {isa = PBXFileReference; fileEncoding = 4; lastKnownFileType = sourcecode.swift; path = BikeInfoController.swift; sourceTree = "<group>"; };
		FE06CBC729BDDABF003297E9 /* MainController.swift */ = {isa = PBXFileReference; fileEncoding = 4; lastKnownFileType = sourcecode.swift; path = MainController.swift; sourceTree = "<group>"; };
		FE06CBC829BDDABF003297E9 /* CityDetailController.swift */ = {isa = PBXFileReference; fileEncoding = 4; lastKnownFileType = sourcecode.swift; path = CityDetailController.swift; sourceTree = "<group>"; };
		FE06CBCA29BDDABF003297E9 /* MainCell.swift */ = {isa = PBXFileReference; fileEncoding = 4; lastKnownFileType = sourcecode.swift; path = MainCell.swift; sourceTree = "<group>"; };
		FE06CBCC29BDDABF003297E9 /* RoadTrafficView.swift */ = {isa = PBXFileReference; fileEncoding = 4; lastKnownFileType = sourcecode.swift; path = RoadTrafficView.swift; sourceTree = "<group>"; };
		FE06CBCD29BDDABF003297E9 /* EmptyView.swift */ = {isa = PBXFileReference; fileEncoding = 4; lastKnownFileType = sourcecode.swift; path = EmptyView.swift; sourceTree = "<group>"; };
		FE06CBCE29BDDABF003297E9 /* AreaCongestLvlView.swift */ = {isa = PBXFileReference; fileEncoding = 4; lastKnownFileType = sourcecode.swift; path = AreaCongestLvlView.swift; sourceTree = "<group>"; };
		FE06CBCF29BDDABF003297E9 /* CityCountView.swift */ = {isa = PBXFileReference; fileEncoding = 4; lastKnownFileType = sourcecode.swift; path = CityCountView.swift; sourceTree = "<group>"; };
		FE06CBD029BDDABF003297E9 /* CitySearchTextField.swift */ = {isa = PBXFileReference; fileEncoding = 4; lastKnownFileType = sourcecode.swift; path = CitySearchTextField.swift; sourceTree = "<group>"; };
		FE06CBD129BDDABF003297E9 /* MainNavigationController.swift */ = {isa = PBXFileReference; fileEncoding = 4; lastKnownFileType = sourcecode.swift; path = MainNavigationController.swift; sourceTree = "<group>"; };
		FE06CBE429BDDAE7003297E9 /* SCColor.swift */ = {isa = PBXFileReference; fileEncoding = 4; lastKnownFileType = sourcecode.swift; path = SCColor.swift; sourceTree = "<group>"; };
		FE06CBE629BDDAE7003297E9 /* Extension+UITextField.swift */ = {isa = PBXFileReference; fileEncoding = 4; lastKnownFileType = sourcecode.swift; path = "Extension+UITextField.swift"; sourceTree = "<group>"; };
		FE06CBE729BDDAE7003297E9 /* Extension+String.swift */ = {isa = PBXFileReference; fileEncoding = 4; lastKnownFileType = sourcecode.swift; path = "Extension+String.swift"; sourceTree = "<group>"; };
		FE06CBE829BDDAE7003297E9 /* Extension+Int.swift */ = {isa = PBXFileReference; fileEncoding = 4; lastKnownFileType = sourcecode.swift; path = "Extension+Int.swift"; sourceTree = "<group>"; };
		FE06CBE929BDDAE7003297E9 /* Extension+UIview.swift */ = {isa = PBXFileReference; fileEncoding = 4; lastKnownFileType = sourcecode.swift; path = "Extension+UIview.swift"; sourceTree = "<group>"; };
		FE06CBEA29BDDAE7003297E9 /* SeoulCongestion++Bundle.swift */ = {isa = PBXFileReference; fileEncoding = 4; lastKnownFileType = sourcecode.swift; path = "SeoulCongestion++Bundle.swift"; sourceTree = "<group>"; };
		FE06CBEB29BDDAE7003297E9 /* SCFont.swift */ = {isa = PBXFileReference; fileEncoding = 4; lastKnownFileType = sourcecode.swift; path = SCFont.swift; sourceTree = "<group>"; };
		FE120C2C2A91D2B10074C1B4 /* CityTabListView.swift */ = {isa = PBXFileReference; lastKnownFileType = sourcecode.swift; path = CityTabListView.swift; sourceTree = "<group>"; };
		FE1EF14329BE087A00FF7113 /* City.swift */ = {isa = PBXFileReference; fileEncoding = 4; lastKnownFileType = sourcecode.swift; path = City.swift; sourceTree = "<group>"; };
		FE1EF14429BE087A00FF7113 /* Cities.swift */ = {isa = PBXFileReference; fileEncoding = 4; lastKnownFileType = sourcecode.swift; path = Cities.swift; sourceTree = "<group>"; };
		FE1EF14529BE087A00FF7113 /* SearchCities.swift */ = {isa = PBXFileReference; fileEncoding = 4; lastKnownFileType = sourcecode.swift; path = SearchCities.swift; sourceTree = "<group>"; };
		FE1EF14629BE087A00FF7113 /* SeoulCities.swift */ = {isa = PBXFileReference; fileEncoding = 4; lastKnownFileType = sourcecode.swift; path = SeoulCities.swift; sourceTree = "<group>"; };
		FE74021A29814B510014629A /* SeoulCongestion.app */ = {isa = PBXFileReference; explicitFileType = wrapper.application; includeInIndex = 0; path = SeoulCongestion.app; sourceTree = BUILT_PRODUCTS_DIR; };
		FE74021D29814B510014629A /* AppDelegate.swift */ = {isa = PBXFileReference; lastKnownFileType = sourcecode.swift; path = AppDelegate.swift; sourceTree = "<group>"; };
		FE74021F29814B510014629A /* SceneDelegate.swift */ = {isa = PBXFileReference; lastKnownFileType = sourcecode.swift; path = SceneDelegate.swift; sourceTree = "<group>"; };
		FE74022929814B520014629A /* Base */ = {isa = PBXFileReference; lastKnownFileType = file.storyboard; name = Base; path = Base.lproj/LaunchScreen.storyboard; sourceTree = "<group>"; };
		FE74022B29814B520014629A /* Info.plist */ = {isa = PBXFileReference; lastKnownFileType = text.plist.xml; path = Info.plist; sourceTree = "<group>"; };
		FE91217F2A920D5E00C08B45 /* CityTab.swift */ = {isa = PBXFileReference; lastKnownFileType = sourcecode.swift; path = CityTab.swift; sourceTree = "<group>"; };
		FE9121812A9256CE00C08B45 /* Extension+UIImage.swift */ = {isa = PBXFileReference; lastKnownFileType = sourcecode.swift; path = "Extension+UIImage.swift"; sourceTree = "<group>"; };
		FEA773AB29CB43C30095B8FE /* RatioLabelView.swift */ = {isa = PBXFileReference; lastKnownFileType = sourcecode.swift; path = RatioLabelView.swift; sourceTree = "<group>"; };
		FEDAD7932AA962F20057A99F /* DropDownView.swift */ = {isa = PBXFileReference; lastKnownFileType = sourcecode.swift; path = DropDownView.swift; sourceTree = "<group>"; };
		FEDF7DFA2ADC0EFE00B8F223 /* MainViewModel.swift */ = {isa = PBXFileReference; fileEncoding = 4; lastKnownFileType = sourcecode.swift; path = MainViewModel.swift; sourceTree = "<group>"; };
		FEDF9E9A2AED870F0081BEEC /* Assets.xcassets */ = {isa = PBXFileReference; lastKnownFileType = folder.assetcatalog; path = Assets.xcassets; sourceTree = "<group>"; };
		FEDF9EA72AEDF27A0081BEEC /* CategoryCell.swift */ = {isa = PBXFileReference; lastKnownFileType = sourcecode.swift; path = CategoryCell.swift; sourceTree = "<group>"; };
		FEDF9EAF2AEDF75E0081BEEC /* MainSectionModel.swift */ = {isa = PBXFileReference; lastKnownFileType = sourcecode.swift; path = MainSectionModel.swift; sourceTree = "<group>"; };
		FEDF9EB12AEDFE390081BEEC /* SpaceSeoulAPI.swift */ = {isa = PBXFileReference; lastKnownFileType = sourcecode.swift; path = SpaceSeoulAPI.swift; sourceTree = "<group>"; };
		FEDF9EBC2AEE0A980081BEEC /* SpaceSeoul.swift */ = {isa = PBXFileReference; lastKnownFileType = sourcecode.swift; path = SpaceSeoul.swift; sourceTree = "<group>"; };
/* End PBXFileReference section */

/* Begin PBXFrameworksBuildPhase section */
		FE74021729814B510014629A /* Frameworks */ = {
			isa = PBXFrameworksBuildPhase;
			buildActionMask = 2147483647;
			files = (
				FEDF9EA62AED88A60081BEEC /* RxRelay in Frameworks */,
				FEDF7DF72ADC0EBB00B8F223 /* SnapKit-Dynamic in Frameworks */,
				FEDF9EAB2AEDF5260081BEEC /* Differentiator in Frameworks */,
				FEDF9EA02AED88A60081BEEC /* RxBlocking-Dynamic in Frameworks */,
				FEDF9E9E2AED88A60081BEEC /* RxBlocking in Frameworks */,
				FE06CBFE29BDE11C003297E9 /* SkeletonView in Frameworks */,
				FEDF9EBB2AEDFE670081BEEC /* RxMoya in Frameworks */,
				FEDF9EA42AED88A60081BEEC /* RxCocoa-Dynamic in Frameworks */,
				FEDF7DF52ADC0EBB00B8F223 /* SnapKit in Frameworks */,
				FEDF9EB92AEDFE670081BEEC /* ReactiveMoya in Frameworks */,
				FEDAD7922AA95F440057A99F /* DropDown in Frameworks */,
				FEDF9EAD2AEDF5260081BEEC /* RxDataSources in Frameworks */,
				FEDF9EB52AEDFE670081BEEC /* CombineMoya in Frameworks */,
				FEDF9EA22AED88A60081BEEC /* RxCocoa in Frameworks */,
				FEDF9EB72AEDFE670081BEEC /* Moya in Frameworks */,
				FE06CBF829BDDBE3003297E9 /* Lottie in Frameworks */,
			);
			runOnlyForDeploymentPostprocessing = 0;
		};
/* End PBXFrameworksBuildPhase section */

/* Begin PBXGroup section */
		FE06CB4029BDD686003297E9 /* lottie */ = {
			isa = PBXGroup;
			children = (
				FE06CB4129BDD686003297E9 /* loading.json */,
				FE06CB4229BDD686003297E9 /* search-loading.swift */,
			);
			path = lottie;
			sourceTree = "<group>";
		};
		FE06CB8229BDD698003297E9 /* API */ = {
			isa = PBXGroup;
			children = (
				FE06CB8329BDD698003297E9 /* RestProcessor.swift */,
				FE06CB8429BDD698003297E9 /* RestProcessor+Model.swift */,
				FE06CB8529BDD698003297E9 /* ResHandler.swift */,
				FE06CB8629BDD698003297E9 /* EndPoint.swift */,
				FEDF9EB12AEDFE390081BEEC /* SpaceSeoulAPI.swift */,
				FEDF9EBC2AEE0A980081BEEC /* SpaceSeoul.swift */,
			);
			path = API;
			sourceTree = "<group>";
		};
		FE06CB8B29BDD6CC003297E9 /* Fonts */ = {
			isa = PBXGroup;
			children = (
				FE06CB8C29BDD6CC003297E9 /* Pretendard-Regular.otf */,
				FE06CB8D29BDD6CC003297E9 /* Pretendard-Black.otf */,
				FE06CB8E29BDD6CC003297E9 /* Pretendard-Medium.otf */,
				FE06CB8F29BDD6CC003297E9 /* Pretendard-Light.otf */,
				FE06CB9029BDD6CC003297E9 /* Pretendard-ExtraBold.otf */,
				FE06CB9129BDD6CC003297E9 /* Pretendard-Bold.otf */,
				FE06CB9229BDD6CC003297E9 /* Pretendard-Thin.otf */,
				FE06CB9329BDD6CC003297E9 /* Pretendard-ExtraLight.otf */,
				FE06CB9429BDD6CC003297E9 /* Pretendard-SemiBold.otf */,
			);
			path = Fonts;
			sourceTree = "<group>";
		};
		FE06CBC029BDDABF003297E9 /* Bike */ = {
			isa = PBXGroup;
			children = (
				FE06CBC329BDDABF003297E9 /* View */,
				FE06CBC629BDDABF003297E9 /* BikeInfoController.swift */,
			);
			path = Bike;
			sourceTree = "<group>";
		};
		FE06CBC129BDDABF003297E9 /* Cell */ = {
			isa = PBXGroup;
			children = (
				FE06CBC229BDDABF003297E9 /* BikeDockStatusCell.swift */,
			);
			path = Cell;
			sourceTree = "<group>";
		};
		FE06CBC329BDDABF003297E9 /* View */ = {
			isa = PBXGroup;
			children = (
				FEDF9E992AED651A0081BEEC /* CustomView */,
				FE06CBC129BDDABF003297E9 /* Cell */,
			);
			path = View;
			sourceTree = "<group>";
		};
		FE06CBC929BDDABF003297E9 /* Cell */ = {
			isa = PBXGroup;
			children = (
				FE06CBCA29BDDABF003297E9 /* MainCell.swift */,
				FEDF9EA72AEDF27A0081BEEC /* CategoryCell.swift */,
			);
			path = Cell;
			sourceTree = "<group>";
		};
		FE06CBE329BDDAE7003297E9 /* Util */ = {
			isa = PBXGroup;
			children = (
				FE91217E2A920D2400C08B45 /* Constants */,
				FE06CBE529BDDAE7003297E9 /* Extension */,
				FE06CBE429BDDAE7003297E9 /* SCColor.swift */,
				FE06CBEA29BDDAE7003297E9 /* SeoulCongestion++Bundle.swift */,
				FE06CBEB29BDDAE7003297E9 /* SCFont.swift */,
			);
			path = Util;
			sourceTree = "<group>";
		};
		FE06CBE529BDDAE7003297E9 /* Extension */ = {
			isa = PBXGroup;
			children = (
				FE06CBE629BDDAE7003297E9 /* Extension+UITextField.swift */,
				FE06CBE729BDDAE7003297E9 /* Extension+String.swift */,
				FE06CBE829BDDAE7003297E9 /* Extension+Int.swift */,
				FE06CBE929BDDAE7003297E9 /* Extension+UIview.swift */,
				FE9121812A9256CE00C08B45 /* Extension+UIImage.swift */,
			);
			path = Extension;
			sourceTree = "<group>";
		};
		FE1EF14229BE087A00FF7113 /* Model */ = {
			isa = PBXGroup;
			children = (
				FE1EF14329BE087A00FF7113 /* City.swift */,
				FE1EF14429BE087A00FF7113 /* Cities.swift */,
				FE1EF14529BE087A00FF7113 /* SearchCities.swift */,
				FE1EF14629BE087A00FF7113 /* SeoulCities.swift */,
			);
			path = Model;
			sourceTree = "<group>";
		};
		FE63DE222AECF3C800E73411 /* Application */ = {
			isa = PBXGroup;
			children = (
				FE74021D29814B510014629A /* AppDelegate.swift */,
				FE74021F29814B510014629A /* SceneDelegate.swift */,
			);
			path = Application;
			sourceTree = "<group>";
		};
		FE63DE232AECF4BE00E73411 /* CityDetail */ = {
			isa = PBXGroup;
			children = (
				FE63DE242AECF4D500E73411 /* View */,
				FE06CBC829BDDABF003297E9 /* CityDetailController.swift */,
			);
			path = CityDetail;
			sourceTree = "<group>";
		};
		FE63DE242AECF4D500E73411 /* View */ = {
			isa = PBXGroup;
			children = (
				FEDF9E982AED63450081BEEC /* CustomView */,
				FE63DE252AECF50B00E73411 /* Cell */,
			);
			path = View;
			sourceTree = "<group>";
		};
		FE63DE252AECF50B00E73411 /* Cell */ = {
			isa = PBXGroup;
			children = (
				FE06CBBB29BDDABF003297E9 /* PopulationCongestionCell.swift */,
				FE06CBBC29BDDABF003297E9 /* PublicBikeCell.swift */,
				FE06CBBD29BDDABF003297E9 /* RoadCongestionCell.swift */,
			);
			path = Cell;
			sourceTree = "<group>";
		};
		FE74021129814B510014629A = {
			isa = PBXGroup;
			children = (
				FE74021C29814B510014629A /* SeoulCongestion */,
				FE74021B29814B510014629A /* Products */,
			);
			sourceTree = "<group>";
		};
		FE74021B29814B510014629A /* Products */ = {
			isa = PBXGroup;
			children = (
				FE74021A29814B510014629A /* SeoulCongestion.app */,
			);
			name = Products;
			sourceTree = "<group>";
		};
		FE74021C29814B510014629A /* SeoulCongestion */ = {
			isa = PBXGroup;
			children = (
				FEDF9E962AED5FF20081BEEC /* Resources */,
				FEDF9E952AED5FBE0081BEEC /* Presentation */,
				FE1EF14229BE087A00FF7113 /* Model */,
				FE06CBE329BDDAE7003297E9 /* Util */,
				FE06CB8B29BDD6CC003297E9 /* Fonts */,
				FE06CB4029BDD686003297E9 /* lottie */,
				FE06CB8229BDD698003297E9 /* API */,
				FE63DE222AECF3C800E73411 /* Application */,
			);
			path = SeoulCongestion;
			sourceTree = "<group>";
		};
		FE8075232AEAB30800181CEA /* View */ = {
			isa = PBXGroup;
			children = (
				FEDF9E972AED62D20081BEEC /* CustomView */,
				FE06CBC929BDDABF003297E9 /* Cell */,
			);
			path = View;
			sourceTree = "<group>";
		};
		FE91217E2A920D2400C08B45 /* Constants */ = {
			isa = PBXGroup;
			children = (
				FE91217F2A920D5E00C08B45 /* CityTab.swift */,
			);
			path = Constants;
			sourceTree = "<group>";
		};
		FEDF7DF82ADC0ED700B8F223 /* Main */ = {
			isa = PBXGroup;
			children = (
				FEDF9EAE2AEDF73F0081BEEC /* Model */,
				FEDF7DF92ADC0EFE00B8F223 /* ViewModel */,
				FE8075232AEAB30800181CEA /* View */,
				FE06CBC729BDDABF003297E9 /* MainController.swift */,
			);
			path = Main;
			sourceTree = "<group>";
		};
		FEDF7DF92ADC0EFE00B8F223 /* ViewModel */ = {
			isa = PBXGroup;
			children = (
				FEDF7DFA2ADC0EFE00B8F223 /* MainViewModel.swift */,
			);
			path = ViewModel;
			sourceTree = "<group>";
		};
		FEDF9E952AED5FBE0081BEEC /* Presentation */ = {
			isa = PBXGroup;
			children = (
				FEDF7DF82ADC0ED700B8F223 /* Main */,
				FE63DE232AECF4BE00E73411 /* CityDetail */,
				FE06CBC029BDDABF003297E9 /* Bike */,
				FE06CBD129BDDABF003297E9 /* MainNavigationController.swift */,
			);
			path = Presentation;
			sourceTree = "<group>";
		};
		FEDF9E962AED5FF20081BEEC /* Resources */ = {
			isa = PBXGroup;
			children = (
				FE74022B29814B520014629A /* Info.plist */,
				FEDF9E9A2AED870F0081BEEC /* Assets.xcassets */,
				FE74022829814B520014629A /* LaunchScreen.storyboard */,
			);
			path = Resources;
			sourceTree = "<group>";
		};
		FEDF9E972AED62D20081BEEC /* CustomView */ = {
			isa = PBXGroup;
			children = (
				FEDAD7932AA962F20057A99F /* DropDownView.swift */,
				FE06CBCD29BDDABF003297E9 /* EmptyView.swift */,
				FE06CBCF29BDDABF003297E9 /* CityCountView.swift */,
				FE120C2C2A91D2B10074C1B4 /* CityTabListView.swift */,
				FE06CBD029BDDABF003297E9 /* CitySearchTextField.swift */,
			);
			path = CustomView;
			sourceTree = "<group>";
		};
		FEDF9E982AED63450081BEEC /* CustomView */ = {
			isa = PBXGroup;
			children = (
				FE06CBCE29BDDABF003297E9 /* AreaCongestLvlView.swift */,
				FE06CBCC29BDDABF003297E9 /* RoadTrafficView.swift */,
				FEA773AB29CB43C30095B8FE /* RatioLabelView.swift */,
				FE06CBBF29BDDABF003297E9 /* StandardTimeView.swift */,
			);
			path = CustomView;
			sourceTree = "<group>";
		};
		FEDF9E992AED651A0081BEEC /* CustomView */ = {
			isa = PBXGroup;
			children = (
				FE06CBC429BDDABF003297E9 /* BikeAverageUtilizationRateView.swift */,
				FE06CBC529BDDABF003297E9 /* AvailableBikeCountView.swift */,
			);
			path = CustomView;
			sourceTree = "<group>";
		};
		FEDF9EAE2AEDF73F0081BEEC /* Model */ = {
			isa = PBXGroup;
			children = (
				FEDF9EAF2AEDF75E0081BEEC /* MainSectionModel.swift */,
			);
			path = Model;
			sourceTree = "<group>";
		};
/* End PBXGroup section */

/* Begin PBXNativeTarget section */
		FE74021929814B510014629A /* SeoulCongestion */ = {
			isa = PBXNativeTarget;
			buildConfigurationList = FE74022E29814B520014629A /* Build configuration list for PBXNativeTarget "SeoulCongestion" */;
			buildPhases = (
				FE74021629814B510014629A /* Sources */,
				FE74021729814B510014629A /* Frameworks */,
				FE74021829814B510014629A /* Resources */,
			);
			buildRules = (
			);
			dependencies = (
			);
			name = SeoulCongestion;
			packageProductDependencies = (
				FE06CBF729BDDBE3003297E9 /* Lottie */,
				FE06CBFD29BDE11C003297E9 /* SkeletonView */,
				FEDAD7912AA95F440057A99F /* DropDown */,
				FEDF7DF42ADC0EBB00B8F223 /* SnapKit */,
				FEDF7DF62ADC0EBB00B8F223 /* SnapKit-Dynamic */,
				FEDF9E9D2AED88A60081BEEC /* RxBlocking */,
				FEDF9E9F2AED88A60081BEEC /* RxBlocking-Dynamic */,
				FEDF9EA12AED88A60081BEEC /* RxCocoa */,
				FEDF9EA32AED88A60081BEEC /* RxCocoa-Dynamic */,
				FEDF9EA52AED88A60081BEEC /* RxRelay */,
				FEDF9EAA2AEDF5260081BEEC /* Differentiator */,
				FEDF9EAC2AEDF5260081BEEC /* RxDataSources */,
				FEDF9EB42AEDFE670081BEEC /* CombineMoya */,
				FEDF9EB62AEDFE670081BEEC /* Moya */,
				FEDF9EB82AEDFE670081BEEC /* ReactiveMoya */,
				FEDF9EBA2AEDFE670081BEEC /* RxMoya */,
			);
			productName = SeoulCongestion;
			productReference = FE74021A29814B510014629A /* SeoulCongestion.app */;
			productType = "com.apple.product-type.application";
		};
/* End PBXNativeTarget section */

/* Begin PBXProject section */
		FE74021229814B510014629A /* Project object */ = {
			isa = PBXProject;
			attributes = {
				BuildIndependentTargetsInParallel = 1;
				LastSwiftUpdateCheck = 1400;
				LastUpgradeCheck = 1400;
				TargetAttributes = {
					FE74021929814B510014629A = {
						CreatedOnToolsVersion = 14.0.1;
					};
				};
			};
			buildConfigurationList = FE74021529814B510014629A /* Build configuration list for PBXProject "SeoulCongestion" */;
			compatibilityVersion = "Xcode 14.0";
			developmentRegion = en;
			hasScannedForEncodings = 0;
			knownRegions = (
				en,
				Base,
			);
			mainGroup = FE74021129814B510014629A;
			packageReferences = (
				FE06CBF629BDDBE3003297E9 /* XCRemoteSwiftPackageReference "lottie-spm" */,
				FE06CBFC29BDE11C003297E9 /* XCRemoteSwiftPackageReference "SkeletonView" */,
				FEDAD7902AA95F440057A99F /* XCRemoteSwiftPackageReference "DropDown" */,
				FEDF7DF32ADC0EBB00B8F223 /* XCRemoteSwiftPackageReference "SnapKit" */,
				FEDF9E9C2AED88A60081BEEC /* XCRemoteSwiftPackageReference "RxSwift" */,
				FEDF9EA92AEDF5260081BEEC /* XCRemoteSwiftPackageReference "RxDataSources" */,
				FEDF9EB32AEDFE670081BEEC /* XCRemoteSwiftPackageReference "Moya" */,
			);
			productRefGroup = FE74021B29814B510014629A /* Products */;
			projectDirPath = "";
			projectRoot = "";
			targets = (
				FE74021929814B510014629A /* SeoulCongestion */,
			);
		};
/* End PBXProject section */

/* Begin PBXResourcesBuildPhase section */
		FE74021829814B510014629A /* Resources */ = {
			isa = PBXResourcesBuildPhase;
			buildActionMask = 2147483647;
			files = (
				FE06CB9C29BDD6CC003297E9 /* Pretendard-ExtraLight.otf in Resources */,
				FE06CB9A29BDD6CC003297E9 /* Pretendard-Bold.otf in Resources */,
				FE06CB9929BDD6CC003297E9 /* Pretendard-ExtraBold.otf in Resources */,
				FE06CB9829BDD6CC003297E9 /* Pretendard-Light.otf in Resources */,
				FE06CB9729BDD6CC003297E9 /* Pretendard-Medium.otf in Resources */,
				FE06CB9629BDD6CC003297E9 /* Pretendard-Black.otf in Resources */,
				FEDF9E9B2AED870F0081BEEC /* Assets.xcassets in Resources */,
				FE06CB9D29BDD6CC003297E9 /* Pretendard-SemiBold.otf in Resources */,
				FE74022A29814B520014629A /* LaunchScreen.storyboard in Resources */,
				FE06CB9B29BDD6CC003297E9 /* Pretendard-Thin.otf in Resources */,
				FE06CB5129BDD687003297E9 /* loading.json in Resources */,
				FE06CB9529BDD6CC003297E9 /* Pretendard-Regular.otf in Resources */,
			);
			runOnlyForDeploymentPostprocessing = 0;
		};
/* End PBXResourcesBuildPhase section */

/* Begin PBXSourcesBuildPhase section */
		FE74021629814B510014629A /* Sources */ = {
			isa = PBXSourcesBuildPhase;
			buildActionMask = 2147483647;
			files = (
				FE9121822A9256CE00C08B45 /* Extension+UIImage.swift in Sources */,
				FE06CBD529BDDABF003297E9 /* StandardTimeView.swift in Sources */,
				FE06CBD229BDDABF003297E9 /* PopulationCongestionCell.swift in Sources */,
				FE06CBD329BDDABF003297E9 /* PublicBikeCell.swift in Sources */,
				FE06CBE029BDDABF003297E9 /* CityCountView.swift in Sources */,
				FE74021E29814B510014629A /* AppDelegate.swift in Sources */,
				FE06CBED29BDDAE7003297E9 /* Extension+UITextField.swift in Sources */,
				FE1EF14829BE087A00FF7113 /* Cities.swift in Sources */,
				FE06CBDA29BDDABF003297E9 /* MainController.swift in Sources */,
				FE06CBDF29BDDABF003297E9 /* AreaCongestLvlView.swift in Sources */,
				FE06CBF229BDDAE7003297E9 /* SCFont.swift in Sources */,
				FEDF9EB02AEDF75E0081BEEC /* MainSectionModel.swift in Sources */,
				FE9121802A920D5E00C08B45 /* CityTab.swift in Sources */,
				FE06CBD829BDDABF003297E9 /* AvailableBikeCountView.swift in Sources */,
				FE06CBE129BDDABF003297E9 /* CitySearchTextField.swift in Sources */,
				FE06CBEF29BDDAE7003297E9 /* Extension+Int.swift in Sources */,
				FE1EF14A29BE087A00FF7113 /* SeoulCities.swift in Sources */,
				FE74022029814B510014629A /* SceneDelegate.swift in Sources */,
				FEDF9EA82AEDF27A0081BEEC /* CategoryCell.swift in Sources */,
				FE06CBF129BDDAE7003297E9 /* SeoulCongestion++Bundle.swift in Sources */,
				FEA773AC29CB43C30095B8FE /* RatioLabelView.swift in Sources */,
				FE120C2D2A91D2B10074C1B4 /* CityTabListView.swift in Sources */,
				FE06CB8929BDD698003297E9 /* ResHandler.swift in Sources */,
				FEDAD7942AA962F20057A99F /* DropDownView.swift in Sources */,
				FEDF9EB22AEDFE390081BEEC /* SpaceSeoulAPI.swift in Sources */,
				FE06CBD429BDDABF003297E9 /* RoadCongestionCell.swift in Sources */,
				FE06CBEE29BDDAE7003297E9 /* Extension+String.swift in Sources */,
				FE06CBD729BDDABF003297E9 /* BikeAverageUtilizationRateView.swift in Sources */,
				FE06CBE229BDDABF003297E9 /* MainNavigationController.swift in Sources */,
				FE06CBDB29BDDABF003297E9 /* CityDetailController.swift in Sources */,
				FE06CBD629BDDABF003297E9 /* BikeDockStatusCell.swift in Sources */,
				FE06CBDE29BDDABF003297E9 /* EmptyView.swift in Sources */,
				FE06CB8A29BDD698003297E9 /* EndPoint.swift in Sources */,
				FE06CB5229BDD687003297E9 /* search-loading.swift in Sources */,
				FEDF9EBD2AEE0A980081BEEC /* SpaceSeoul.swift in Sources */,
				FE06CBDC29BDDABF003297E9 /* MainCell.swift in Sources */,
				FE06CBF029BDDAE7003297E9 /* Extension+UIview.swift in Sources */,
				FE06CB8729BDD698003297E9 /* RestProcessor.swift in Sources */,
				FE1EF14929BE087A00FF7113 /* SearchCities.swift in Sources */,
				FE06CBDD29BDDABF003297E9 /* RoadTrafficView.swift in Sources */,
				FE06CB8829BDD698003297E9 /* RestProcessor+Model.swift in Sources */,
				FE06CBD929BDDABF003297E9 /* BikeInfoController.swift in Sources */,
				FE1EF14729BE087A00FF7113 /* City.swift in Sources */,
				FEDF7DFB2ADC0EFE00B8F223 /* MainViewModel.swift in Sources */,
				FE06CBEC29BDDAE7003297E9 /* SCColor.swift in Sources */,
			);
			runOnlyForDeploymentPostprocessing = 0;
		};
/* End PBXSourcesBuildPhase section */

/* Begin PBXVariantGroup section */
		FE74022829814B520014629A /* LaunchScreen.storyboard */ = {
			isa = PBXVariantGroup;
			children = (
				FE74022929814B520014629A /* Base */,
			);
			name = LaunchScreen.storyboard;
			sourceTree = "<group>";
		};
/* End PBXVariantGroup section */

/* Begin XCBuildConfiguration section */
		FE74022C29814B520014629A /* Debug */ = {
			isa = XCBuildConfiguration;
			buildSettings = {
				ALWAYS_SEARCH_USER_PATHS = NO;
				CLANG_ANALYZER_NONNULL = YES;
				CLANG_ANALYZER_NUMBER_OBJECT_CONVERSION = YES_AGGRESSIVE;
				CLANG_CXX_LANGUAGE_STANDARD = "gnu++20";
				CLANG_ENABLE_MODULES = YES;
				CLANG_ENABLE_OBJC_ARC = YES;
				CLANG_ENABLE_OBJC_WEAK = YES;
				CLANG_WARN_BLOCK_CAPTURE_AUTORELEASING = YES;
				CLANG_WARN_BOOL_CONVERSION = YES;
				CLANG_WARN_COMMA = YES;
				CLANG_WARN_CONSTANT_CONVERSION = YES;
				CLANG_WARN_DEPRECATED_OBJC_IMPLEMENTATIONS = YES;
				CLANG_WARN_DIRECT_OBJC_ISA_USAGE = YES_ERROR;
				CLANG_WARN_DOCUMENTATION_COMMENTS = YES;
				CLANG_WARN_EMPTY_BODY = YES;
				CLANG_WARN_ENUM_CONVERSION = YES;
				CLANG_WARN_INFINITE_RECURSION = YES;
				CLANG_WARN_INT_CONVERSION = YES;
				CLANG_WARN_NON_LITERAL_NULL_CONVERSION = YES;
				CLANG_WARN_OBJC_IMPLICIT_RETAIN_SELF = YES;
				CLANG_WARN_OBJC_LITERAL_CONVERSION = YES;
				CLANG_WARN_OBJC_ROOT_CLASS = YES_ERROR;
				CLANG_WARN_QUOTED_INCLUDE_IN_FRAMEWORK_HEADER = YES;
				CLANG_WARN_RANGE_LOOP_ANALYSIS = YES;
				CLANG_WARN_STRICT_PROTOTYPES = YES;
				CLANG_WARN_SUSPICIOUS_MOVE = YES;
				CLANG_WARN_UNGUARDED_AVAILABILITY = YES_AGGRESSIVE;
				CLANG_WARN_UNREACHABLE_CODE = YES;
				CLANG_WARN__DUPLICATE_METHOD_MATCH = YES;
				COPY_PHASE_STRIP = NO;
				DEBUG_INFORMATION_FORMAT = dwarf;
				ENABLE_STRICT_OBJC_MSGSEND = YES;
				ENABLE_TESTABILITY = YES;
				GCC_C_LANGUAGE_STANDARD = gnu11;
				GCC_DYNAMIC_NO_PIC = NO;
				GCC_NO_COMMON_BLOCKS = YES;
				GCC_OPTIMIZATION_LEVEL = 0;
				GCC_PREPROCESSOR_DEFINITIONS = (
					"DEBUG=1",
					"$(inherited)",
				);
				GCC_WARN_64_TO_32_BIT_CONVERSION = YES;
				GCC_WARN_ABOUT_RETURN_TYPE = YES_ERROR;
				GCC_WARN_UNDECLARED_SELECTOR = YES;
				GCC_WARN_UNINITIALIZED_AUTOS = YES_AGGRESSIVE;
				GCC_WARN_UNUSED_FUNCTION = YES;
				GCC_WARN_UNUSED_VARIABLE = YES;
				INFOPLIST_KEY_CFBundleDisplayName = "공간서울";
				IPHONEOS_DEPLOYMENT_TARGET = 13.0;
				MTL_ENABLE_DEBUG_INFO = INCLUDE_SOURCE;
				MTL_FAST_MATH = YES;
				ONLY_ACTIVE_ARCH = YES;
				SDKROOT = iphoneos;
				SWIFT_ACTIVE_COMPILATION_CONDITIONS = DEBUG;
				SWIFT_OPTIMIZATION_LEVEL = "-Onone";
			};
			name = Debug;
		};
		FE74022D29814B520014629A /* Release */ = {
			isa = XCBuildConfiguration;
			buildSettings = {
				ALWAYS_SEARCH_USER_PATHS = NO;
				CLANG_ANALYZER_NONNULL = YES;
				CLANG_ANALYZER_NUMBER_OBJECT_CONVERSION = YES_AGGRESSIVE;
				CLANG_CXX_LANGUAGE_STANDARD = "gnu++20";
				CLANG_ENABLE_MODULES = YES;
				CLANG_ENABLE_OBJC_ARC = YES;
				CLANG_ENABLE_OBJC_WEAK = YES;
				CLANG_WARN_BLOCK_CAPTURE_AUTORELEASING = YES;
				CLANG_WARN_BOOL_CONVERSION = YES;
				CLANG_WARN_COMMA = YES;
				CLANG_WARN_CONSTANT_CONVERSION = YES;
				CLANG_WARN_DEPRECATED_OBJC_IMPLEMENTATIONS = YES;
				CLANG_WARN_DIRECT_OBJC_ISA_USAGE = YES_ERROR;
				CLANG_WARN_DOCUMENTATION_COMMENTS = YES;
				CLANG_WARN_EMPTY_BODY = YES;
				CLANG_WARN_ENUM_CONVERSION = YES;
				CLANG_WARN_INFINITE_RECURSION = YES;
				CLANG_WARN_INT_CONVERSION = YES;
				CLANG_WARN_NON_LITERAL_NULL_CONVERSION = YES;
				CLANG_WARN_OBJC_IMPLICIT_RETAIN_SELF = YES;
				CLANG_WARN_OBJC_LITERAL_CONVERSION = YES;
				CLANG_WARN_OBJC_ROOT_CLASS = YES_ERROR;
				CLANG_WARN_QUOTED_INCLUDE_IN_FRAMEWORK_HEADER = YES;
				CLANG_WARN_RANGE_LOOP_ANALYSIS = YES;
				CLANG_WARN_STRICT_PROTOTYPES = YES;
				CLANG_WARN_SUSPICIOUS_MOVE = YES;
				CLANG_WARN_UNGUARDED_AVAILABILITY = YES_AGGRESSIVE;
				CLANG_WARN_UNREACHABLE_CODE = YES;
				CLANG_WARN__DUPLICATE_METHOD_MATCH = YES;
				COPY_PHASE_STRIP = NO;
				DEBUG_INFORMATION_FORMAT = "dwarf-with-dsym";
				ENABLE_NS_ASSERTIONS = NO;
				ENABLE_STRICT_OBJC_MSGSEND = YES;
				GCC_C_LANGUAGE_STANDARD = gnu11;
				GCC_NO_COMMON_BLOCKS = YES;
				GCC_WARN_64_TO_32_BIT_CONVERSION = YES;
				GCC_WARN_ABOUT_RETURN_TYPE = YES_ERROR;
				GCC_WARN_UNDECLARED_SELECTOR = YES;
				GCC_WARN_UNINITIALIZED_AUTOS = YES_AGGRESSIVE;
				GCC_WARN_UNUSED_FUNCTION = YES;
				GCC_WARN_UNUSED_VARIABLE = YES;
				INFOPLIST_KEY_CFBundleDisplayName = "공간서울";
				IPHONEOS_DEPLOYMENT_TARGET = 13.0;
				MTL_ENABLE_DEBUG_INFO = NO;
				MTL_FAST_MATH = YES;
				SDKROOT = iphoneos;
				SWIFT_COMPILATION_MODE = wholemodule;
				SWIFT_OPTIMIZATION_LEVEL = "-O";
				VALIDATE_PRODUCT = YES;
			};
			name = Release;
		};
		FE74022F29814B520014629A /* Debug */ = {
			isa = XCBuildConfiguration;
			buildSettings = {
				ASSETCATALOG_COMPILER_APPICON_NAME = AppIcon;
				ASSETCATALOG_COMPILER_GLOBAL_ACCENT_COLOR_NAME = AccentColor;
				CODE_SIGN_STYLE = Automatic;
				CURRENT_PROJECT_VERSION = 1.1.8;
				DEVELOPMENT_TEAM = BMBM6CH9KR;
				GENERATE_INFOPLIST_FILE = YES;
				INFOPLIST_FILE = SeoulCongestion/Resources/Info.plist;
				INFOPLIST_KEY_UIApplicationSupportsIndirectInputEvents = YES;
				INFOPLIST_KEY_UILaunchStoryboardName = LaunchScreen;
				INFOPLIST_KEY_UISupportedInterfaceOrientations_iPad = "UIInterfaceOrientationPortrait UIInterfaceOrientationPortraitUpsideDown UIInterfaceOrientationLandscapeLeft UIInterfaceOrientationLandscapeRight";
				INFOPLIST_KEY_UISupportedInterfaceOrientations_iPhone = UIInterfaceOrientationPortrait;
				LD_RUNPATH_SEARCH_PATHS = (
					"$(inherited)",
					"@executable_path/Frameworks",
				);
				MARKETING_VERSION = 1.1.1;
				PRODUCT_BUNDLE_IDENTIFIER = com.jangilkyu.Seoul0gan;
				PRODUCT_NAME = "$(TARGET_NAME)";
				SUPPORTED_PLATFORMS = "iphoneos iphonesimulator";
				SUPPORTS_MACCATALYST = NO;
				SUPPORTS_MAC_DESIGNED_FOR_IPHONE_IPAD = NO;
				SWIFT_EMIT_LOC_STRINGS = YES;
				SWIFT_VERSION = 5.0;
				TARGETED_DEVICE_FAMILY = 1;
			};
			name = Debug;
		};
		FE74023029814B520014629A /* Release */ = {
			isa = XCBuildConfiguration;
			buildSettings = {
				ASSETCATALOG_COMPILER_APPICON_NAME = AppIcon;
				ASSETCATALOG_COMPILER_GLOBAL_ACCENT_COLOR_NAME = AccentColor;
				CODE_SIGN_STYLE = Automatic;
				CURRENT_PROJECT_VERSION = 1.1.8;
				DEVELOPMENT_TEAM = BMBM6CH9KR;
				GENERATE_INFOPLIST_FILE = YES;
				INFOPLIST_FILE = SeoulCongestion/Resources/Info.plist;
				INFOPLIST_KEY_UIApplicationSupportsIndirectInputEvents = YES;
				INFOPLIST_KEY_UILaunchStoryboardName = LaunchScreen;
				INFOPLIST_KEY_UISupportedInterfaceOrientations_iPad = "UIInterfaceOrientationPortrait UIInterfaceOrientationPortraitUpsideDown UIInterfaceOrientationLandscapeLeft UIInterfaceOrientationLandscapeRight";
				INFOPLIST_KEY_UISupportedInterfaceOrientations_iPhone = UIInterfaceOrientationPortrait;
				LD_RUNPATH_SEARCH_PATHS = (
					"$(inherited)",
					"@executable_path/Frameworks",
				);
				MARKETING_VERSION = 1.1.1;
				PRODUCT_BUNDLE_IDENTIFIER = com.jangilkyu.Seoul0gan;
				PRODUCT_NAME = "$(TARGET_NAME)";
				SUPPORTED_PLATFORMS = "iphoneos iphonesimulator";
				SUPPORTS_MACCATALYST = NO;
				SUPPORTS_MAC_DESIGNED_FOR_IPHONE_IPAD = NO;
				SWIFT_EMIT_LOC_STRINGS = YES;
				SWIFT_VERSION = 5.0;
				TARGETED_DEVICE_FAMILY = 1;
			};
			name = Release;
		};
/* End XCBuildConfiguration section */

/* Begin XCConfigurationList section */
		FE74021529814B510014629A /* Build configuration list for PBXProject "SeoulCongestion" */ = {
			isa = XCConfigurationList;
			buildConfigurations = (
				FE74022C29814B520014629A /* Debug */,
				FE74022D29814B520014629A /* Release */,
			);
			defaultConfigurationIsVisible = 0;
			defaultConfigurationName = Release;
		};
		FE74022E29814B520014629A /* Build configuration list for PBXNativeTarget "SeoulCongestion" */ = {
			isa = XCConfigurationList;
			buildConfigurations = (
				FE74022F29814B520014629A /* Debug */,
				FE74023029814B520014629A /* Release */,
			);
			defaultConfigurationIsVisible = 0;
			defaultConfigurationName = Release;
		};
/* End XCConfigurationList section */

/* Begin XCRemoteSwiftPackageReference section */
		FE06CBF629BDDBE3003297E9 /* XCRemoteSwiftPackageReference "lottie-spm" */ = {
			isa = XCRemoteSwiftPackageReference;
			repositoryURL = "https://github.com/airbnb/lottie-spm.git";
			requirement = {
				kind = upToNextMajorVersion;
				minimumVersion = 4.1.3;
			};
		};
		FE06CBFC29BDE11C003297E9 /* XCRemoteSwiftPackageReference "SkeletonView" */ = {
			isa = XCRemoteSwiftPackageReference;
			repositoryURL = "https://github.com/Juanpe/SkeletonView.git";
			requirement = {
				kind = upToNextMajorVersion;
				minimumVersion = 1.7.0;
			};
		};
		FEDAD7902AA95F440057A99F /* XCRemoteSwiftPackageReference "DropDown" */ = {
			isa = XCRemoteSwiftPackageReference;
			repositoryURL = "https://github.com/AssistoLab/DropDown";
			requirement = {
				branch = master;
				kind = branch;
			};
		};
		FEDF7DF32ADC0EBB00B8F223 /* XCRemoteSwiftPackageReference "SnapKit" */ = {
			isa = XCRemoteSwiftPackageReference;
			repositoryURL = "https://github.com/SnapKit/SnapKit.git";
			requirement = {
				kind = upToNextMajorVersion;
				minimumVersion = 5.6.0;
			};
		};
		FEDF9E9C2AED88A60081BEEC /* XCRemoteSwiftPackageReference "RxSwift" */ = {
			isa = XCRemoteSwiftPackageReference;
			repositoryURL = "https://github.com/ReactiveX/RxSwift.git";
			requirement = {
				kind = upToNextMajorVersion;
				minimumVersion = 6.6.0;
			};
		};
		FEDF9EA92AEDF5260081BEEC /* XCRemoteSwiftPackageReference "RxDataSources" */ = {
			isa = XCRemoteSwiftPackageReference;
			repositoryURL = "https://github.com/RxSwiftCommunity/RxDataSources.git";
			requirement = {
				kind = upToNextMajorVersion;
				minimumVersion = 5.0.2;
			};
		};
		FEDF9EB32AEDFE670081BEEC /* XCRemoteSwiftPackageReference "Moya" */ = {
			isa = XCRemoteSwiftPackageReference;
			repositoryURL = "https://github.com/Moya/Moya.git";
			requirement = {
				kind = upToNextMajorVersion;
				minimumVersion = 15.0.3;
			};
		};
/* End XCRemoteSwiftPackageReference section */

/* Begin XCSwiftPackageProductDependency section */
		FE06CBF729BDDBE3003297E9 /* Lottie */ = {
			isa = XCSwiftPackageProductDependency;
			package = FE06CBF629BDDBE3003297E9 /* XCRemoteSwiftPackageReference "lottie-spm" */;
			productName = Lottie;
		};
		FE06CBFD29BDE11C003297E9 /* SkeletonView */ = {
			isa = XCSwiftPackageProductDependency;
			package = FE06CBFC29BDE11C003297E9 /* XCRemoteSwiftPackageReference "SkeletonView" */;
			productName = SkeletonView;
		};
		FEDAD7912AA95F440057A99F /* DropDown */ = {
			isa = XCSwiftPackageProductDependency;
			package = FEDAD7902AA95F440057A99F /* XCRemoteSwiftPackageReference "DropDown" */;
			productName = DropDown;
		};
		FEDF7DF42ADC0EBB00B8F223 /* SnapKit */ = {
			isa = XCSwiftPackageProductDependency;
			package = FEDF7DF32ADC0EBB00B8F223 /* XCRemoteSwiftPackageReference "SnapKit" */;
			productName = SnapKit;
		};
		FEDF7DF62ADC0EBB00B8F223 /* SnapKit-Dynamic */ = {
			isa = XCSwiftPackageProductDependency;
			package = FEDF7DF32ADC0EBB00B8F223 /* XCRemoteSwiftPackageReference "SnapKit" */;
			productName = "SnapKit-Dynamic";
		};
		FEDF9E9D2AED88A60081BEEC /* RxBlocking */ = {
			isa = XCSwiftPackageProductDependency;
			package = FEDF9E9C2AED88A60081BEEC /* XCRemoteSwiftPackageReference "RxSwift" */;
			productName = RxBlocking;
		};
		FEDF9E9F2AED88A60081BEEC /* RxBlocking-Dynamic */ = {
			isa = XCSwiftPackageProductDependency;
			package = FEDF9E9C2AED88A60081BEEC /* XCRemoteSwiftPackageReference "RxSwift" */;
			productName = "RxBlocking-Dynamic";
		};
		FEDF9EA12AED88A60081BEEC /* RxCocoa */ = {
			isa = XCSwiftPackageProductDependency;
			package = FEDF9E9C2AED88A60081BEEC /* XCRemoteSwiftPackageReference "RxSwift" */;
			productName = RxCocoa;
		};
		FEDF9EA32AED88A60081BEEC /* RxCocoa-Dynamic */ = {
			isa = XCSwiftPackageProductDependency;
			package = FEDF9E9C2AED88A60081BEEC /* XCRemoteSwiftPackageReference "RxSwift" */;
			productName = "RxCocoa-Dynamic";
		};
		FEDF9EA52AED88A60081BEEC /* RxRelay */ = {
			isa = XCSwiftPackageProductDependency;
			package = FEDF9E9C2AED88A60081BEEC /* XCRemoteSwiftPackageReference "RxSwift" */;
			productName = RxRelay;
		};
		FEDF9EAA2AEDF5260081BEEC /* Differentiator */ = {
			isa = XCSwiftPackageProductDependency;
			package = FEDF9EA92AEDF5260081BEEC /* XCRemoteSwiftPackageReference "RxDataSources" */;
			productName = Differentiator;
		};
		FEDF9EAC2AEDF5260081BEEC /* RxDataSources */ = {
			isa = XCSwiftPackageProductDependency;
			package = FEDF9EA92AEDF5260081BEEC /* XCRemoteSwiftPackageReference "RxDataSources" */;
			productName = RxDataSources;
		};
		FEDF9EB42AEDFE670081BEEC /* CombineMoya */ = {
			isa = XCSwiftPackageProductDependency;
			package = FEDF9EB32AEDFE670081BEEC /* XCRemoteSwiftPackageReference "Moya" */;
			productName = CombineMoya;
		};
		FEDF9EB62AEDFE670081BEEC /* Moya */ = {
			isa = XCSwiftPackageProductDependency;
			package = FEDF9EB32AEDFE670081BEEC /* XCRemoteSwiftPackageReference "Moya" */;
			productName = Moya;
		};
		FEDF9EB82AEDFE670081BEEC /* ReactiveMoya */ = {
			isa = XCSwiftPackageProductDependency;
			package = FEDF9EB32AEDFE670081BEEC /* XCRemoteSwiftPackageReference "Moya" */;
			productName = ReactiveMoya;
		};
		FEDF9EBA2AEDFE670081BEEC /* RxMoya */ = {
			isa = XCSwiftPackageProductDependency;
			package = FEDF9EB32AEDFE670081BEEC /* XCRemoteSwiftPackageReference "Moya" */;
			productName = RxMoya;
		};
/* End XCSwiftPackageProductDependency section */
	};
	rootObject = FE74021229814B510014629A /* Project object */;
}
